
Microsoft Visual Studio Solution File, Format Version 12.00
# Visual Studio 15
VisualStudioVersion = 15.0.28307.106
MinimumVisualStudioVersion = 10.0.40219.1
Project("{8BC9CEB8-8B4A-11D0-8D11-00A0C91BC942}") = "P3D_7", "P3D_7\P3D_7.vcxproj", "{CE2B99EA-4D6F-4201-B08C-F0C9ED41E9E3}"
EndProject
Global
	GlobalSection(SolutionConfigurationPlatforms) = preSolution
		Debug|x64 = Debug|x64
		Debug|x86 = Debug|x86
		Release|x64 = Release|x64
		Release|x86 = Release|x86
	EndGlobalSection
	GlobalSection(ProjectConfigurationPlatforms) = postSolution
		{CE2B99EA-4D6F-4201-B08C-F0C9ED41E9E3}.Debug|x64.ActiveCfg = Debug|x64
		{CE2B99EA-4D6F-4201-B08C-F0C9ED41E9E3}.Debug|x64.Build.0 = Debug|x64
		{CE2B99EA-4D6F-4201-B08C-F0C9ED41E9E3}.Debug|x86.ActiveCfg = Debug|Win32
		{CE2B99EA-4D6F-4201-B08C-F0C9ED41E9E3}.Debug|x86.Build.0 = Debug|Win32
		{CE2B99EA-4D6F-4201-B08C-F0C9ED41E9E3}.Release|x64.ActiveCfg = Release|x64
		{CE2B99EA-4D6F-4201-B08C-F0C9ED41E9E3}.Release|x64.Build.0 = Release|x64
		{CE2B99EA-4D6F-4201-B08C-F0C9ED41E9E3}.Release|x86.ActiveCfg = Release|Win32
		{CE2B99EA-4D6F-4201-B08C-F0C9ED41E9E3}.Release|x86.Build.0 = Release|Win32
	EndGlobalSection
	GlobalSection(SolutionProperties) = preSolution
		HideSolutionNode = FALSE
	EndGlobalSection
	GlobalSection(ExtensibilityGlobals) = postSolution
		SolutionGuid = {1BB38D56-8097-4A7B-88EB-D84B354372F5}
	EndGlobalSection
EndGlobal
